// !$*UTF8*$!
{
	archiveVersion = 1;
	classes = {
	};
	objectVersion = 48;
	objects = {

/* Begin PBXBuildFile section */
		288D084D1F4EA77700849A2D /* AppDelegate.m in Sources */ = {isa = PBXBuildFile; fileRef = 288D084C1F4EA77700849A2D /* AppDelegate.m */; };
		288D08501F4EA77700849A2D /* ViewController.m in Sources */ = {isa = PBXBuildFile; fileRef = 288D084F1F4EA77700849A2D /* ViewController.m */; };
		288D08531F4EA77700849A2D /* Main.storyboard in Resources */ = {isa = PBXBuildFile; fileRef = 288D08511F4EA77700849A2D /* Main.storyboard */; };
		288D08551F4EA77700849A2D /* Assets.xcassets in Resources */ = {isa = PBXBuildFile; fileRef = 288D08541F4EA77700849A2D /* Assets.xcassets */; };
		288D08581F4EA77700849A2D /* LaunchScreen.storyboard in Resources */ = {isa = PBXBuildFile; fileRef = 288D08561F4EA77700849A2D /* LaunchScreen.storyboard */; };
		288D085B1F4EA77700849A2D /* main.m in Sources */ = {isa = PBXBuildFile; fileRef = 288D085A1F4EA77700849A2D /* main.m */; };
/* End PBXBuildFile section */

/* Begin PBXFileReference section */
		288D08481F4EA77700849A2D /* AsynDisplayLabel-objc.app */ = {isa = PBXFileReference; explicitFileType = wrapper.application; includeInIndex = 0; path = "AsynDisplayLabel-objc.app"; sourceTree = BUILT_PRODUCTS_DIR; };
		288D084B1F4EA77700849A2D /* AppDelegate.h */ = {isa = PBXFileReference; lastKnownFileType = sourcecode.c.h; path = AppDelegate.h; sourceTree = "<group>"; };
		288D084C1F4EA77700849A2D /* AppDelegate.m */ = {isa = PBXFileReference; lastKnownFileType = sourcecode.c.objc; path = AppDelegate.m; sourceTree = "<group>"; };
		288D084E1F4EA77700849A2D /* ViewController.h */ = {isa = PBXFileReference; lastKnownFileType = sourcecode.c.h; path = ViewController.h; sourceTree = "<group>"; };
		288D084F1F4EA77700849A2D /* ViewController.m */ = {isa = PBXFileReference; lastKnownFileType = sourcecode.c.objc; path = ViewController.m; sourceTree = "<group>"; };
		288D08521F4EA77700849A2D /* Base */ = {isa = PBXFileReference; lastKnownFileType = file.storyboard; name = Base; path = Base.lproj/Main.storyboard; sourceTree = "<group>"; };
		288D08541F4EA77700849A2D /* Assets.xcassets */ = {isa = PBXFileReference; lastKnownFileType = folder.assetcatalog; path = Assets.xcassets; sourceTree = "<group>"; };
		288D08571F4EA77700849A2D /* Base */ = {isa = PBXFileReference; lastKnownFileType = file.storyboard; name = Base; path = Base.lproj/LaunchScreen.storyboard; sourceTree = "<group>"; };
		288D08591F4EA77700849A2D /* Info.plist */ = {isa = PBXFileReference; lastKnownFileType = text.plist.xml; path = Info.plist; sourceTree = "<group>"; };
		288D085A1F4EA77700849A2D /* main.m */ = {isa = PBXFileReference; lastKnownFileType = sourcecode.c.objc; path = main.m; sourceTree = "<group>"; };
/* End PBXFileReference section */

/* Begin PBXFrameworksBuildPhase section */
		288D08451F4EA77700849A2D /* Frameworks */ = {
			isa = PBXFrameworksBuildPhase;
			buildActionMask = 2147483647;
			files = (
			);
			runOnlyForDeploymentPostprocessing = 0;
		};
/* End PBXFrameworksBuildPhase section */

/* Begin PBXGroup section */
		288D083F1F4EA77700849A2D = {
			isa = PBXGroup;
			children = (
				288D084A1F4EA77700849A2D /* AsynDisplayLabel-objc */,
				288D08491F4EA77700849A2D /* Products */,
			);
			sourceTree = "<group>";
		};
		288D08491F4EA77700849A2D /* Products */ = {
			isa = PBXGroup;
			children = (
				288D08481F4EA77700849A2D /* AsynDisplayLabel-objc.app */,
			);
			name = Products;
			sourceTree = "<group>";
		};
		288D084A1F4EA77700849A2D /* AsynDisplayLabel-objc */ = {
			isa = PBXGroup;
			children = (
				288D084B1F4EA77700849A2D /* AppDelegate.h */,
				288D084C1F4EA77700849A2D /* AppDelegate.m */,
				288D084E1F4EA77700849A2D /* ViewController.h */,
				288D084F1F4EA77700849A2D /* ViewController.m */,
				288D08511F4EA77700849A2D /* Main.storyboard */,
				288D08541F4EA77700849A2D /* Assets.xcassets */,
				288D08561F4EA77700849A2D /* LaunchScreen.storyboard */,
				288D08591F4EA77700849A2D /* Info.plist */,
				288D085A1F4EA77700849A2D /* main.m */,
			);
			path = "AsynDisplayLabel-objc";
			sourceTree = "<group>";
		};
/* End PBXGroup section */

/* Begin PBXNativeTarget section */
		288D08471F4EA77700849A2D /* AsynDisplayLabel-objc */ = {
			isa = PBXNativeTarget;
			buildConfigurationList = 288D085E1F4EA77700849A2D /* Build configuration list for PBXNativeTarget "AsynDisplayLabel-objc" */;
			buildPhases = (
				288D08441F4EA77700849A2D /* Sources */,
				288D08451F4EA77700849A2D /* Frameworks */,
				288D08461F4EA77700849A2D /* Resources */,
			);
			buildRules = (
			);
			dependencies = (
			);
			name = "AsynDisplayLabel-objc";
			productName = "AsynDisplayLabel-objc";
			productReference = 288D08481F4EA77700849A2D /* AsynDisplayLabel-objc.app */;
			productType = "com.apple.product-type.application";
		};
/* End PBXNativeTarget section */

/* Begin PBXProject section */
		288D08401F4EA77700849A2D /* Project object */ = {
			isa = PBXProject;
			attributes = {
				LastUpgradeCheck = 0900;
				ORGANIZATIONNAME = jft0m;
				TargetAttributes = {
					288D08471F4EA77700849A2D = {
						CreatedOnToolsVersion = 9.0;
					};
				};
			};
			buildConfigurationList = 288D08431F4EA77700849A2D /* Build configuration list for PBXProject "AsynDisplayLabel-objc" */;
			compatibilityVersion = "Xcode 8.0";
			developmentRegion = en;
			hasScannedForEncodings = 0;
			knownRegions = (
				en,
				Base,
			);
			mainGroup = 288D083F1F4EA77700849A2D;
			productRefGroup = 288D08491F4EA77700849A2D /* Products */;
			projectDirPath = "";
			projectRoot = "";
			targets = (
				288D08471F4EA77700849A2D /* AsynDisplayLabel-objc */,
			);
		};
/* End PBXProject section */

/* Begin PBXResourcesBuildPhase section */
		288D08461F4EA77700849A2D /* Resources */ = {
			isa = PBXResourcesBuildPhase;
			buildActionMask = 2147483647;
			files = (
				288D08581F4EA77700849A2D /* LaunchScreen.storyboard in Resources */,
				288D08551F4EA77700849A2D /* Assets.xcassets in Resources */,
				288D08531F4EA77700849A2D /* Main.storyboard in Resources */,
			);
			runOnlyForDeploymentPostprocessing = 0;
		};
/* End PBXResourcesBuildPhase section */

/* Begin PBXSourcesBuildPhase section */
		288D08441F4EA77700849A2D /* Sources */ = {
			isa = PBXSourcesBuildPhase;
			buildActionMask = 2147483647;
			files = (
				288D08501F4EA77700849A2D /* ViewController.m in Sources */,
				288D085B1F4EA77700849A2D /* main.m in Sources */,
				288D084D1F4EA77700849A2D /* AppDelegate.m in Sources */,
			);
			runOnlyForDeploymentPostprocessing = 0;
		};
/* End PBXSourcesBuildPhase section */

/* Begin PBXVariantGroup section */
		288D08511F4EA77700849A2D /* Main.storyboard */ = {
			isa = PBXVariantGroup;
			children = (
				288D08521F4EA77700849A2D /* Base */,
			);
			name = Main.storyboard;
			sourceTree = "<group>";
		};
		288D08561F4EA77700849A2D /* LaunchScreen.storyboard */ = {
			isa = PBXVariantGroup;
			children = (
				288D08571F4EA77700849A2D /* Base */,
			);
			name = LaunchScreen.storyboard;
			sourceTree = "<group>";
		};
/* End PBXVariantGroup section */

/* Begin XCBuildConfiguration section */
		288D085C1F4EA77700849A2D /* Debug */ = {
			isa = XCBuildConfiguration;
			buildSettings = {
				ALWAYS_SEARCH_USER_PATHS = NO;
				CLANG_ANALYZER_NONNULL = YES;
				CLANG_ANALYZER_NUMBER_OBJECT_CONVERSION = YES_AGGRESSIVE;
				CLANG_CXX_LANGUAGE_STANDARD = "gnu++14";
				CLANG_CXX_LIBRARY = "libc++";
				CLANG_ENABLE_MODULES = YES;
				CLANG_ENABLE_OBJC_ARC = YES;
				CLANG_WARN_BLOCK_CAPTURE_AUTORELEASING = YES;
				CLANG_WARN_BOOL_CONVERSION = YES;
				CLANG_WARN_COMMA = YES;
				CLANG_WARN_CONSTANT_CONVERSION = YES;
				CLANG_WARN_DIRECT_OBJC_ISA_USAGE = YES_ERROR;
				CLANG_WARN_DOCUMENTATION_COMMENTS = YES;
				CLANG_WARN_EMPTY_BODY = YES;
				CLANG_WARN_ENUM_CONVERSION = YES;
				CLANG_WARN_INFINITE_RECURSION = YES;
				CLANG_WARN_INT_CONVERSION = YES;
				CLANG_WARN_NON_LITERAL_NULL_CONVERSION = YES;
				CLANG_WARN_OBJC_LITERAL_CONVERSION = YES;
				CLANG_WARN_OBJC_ROOT_CLASS = YES_ERROR;
				CLANG_WARN_RANGE_LOOP_ANALYSIS = YES;
				CLANG_WARN_STRICT_PROTOTYPES = YES;
				CLANG_WARN_SUSPICIOUS_MOVE = YES;
				CLANG_WARN_UNGUARDED_AVAILABILITY = YES_AGGRESSIVE;
				CLANG_WARN_UNREACHABLE_CODE = YES;
				CLANG_WARN__DUPLICATE_METHOD_MATCH = YES;
				CODE_SIGN_IDENTITY = "iPhone Developer";
				COPY_PHASE_STRIP = NO;
				DEBUG_INFORMATION_FORMAT = dwarf;
				ENABLE_STRICT_OBJC_MSGSEND = YES;
				ENABLE_TESTABILITY = YES;
				GCC_C_LANGUAGE_STANDARD = gnu11;
				GCC_DYNAMIC_NO_PIC = NO;
				GCC_NO_COMMON_BLOCKS = YES;
				GCC_OPTIMIZATION_LEVEL = 0;
				GCC_PREPROCESSOR_DEFINITIONS = (
					"DEBUG=1",
					"$(inherited)",
				);
				GCC_WARN_64_TO_32_BIT_CONVERSION = YES;
				GCC_WARN_ABOUT_RETURN_TYPE = YES_ERROR;
				GCC_WARN_UNDECLARED_SELECTOR = YES;
				GCC_WARN_UNINITIALIZED_AUTOS = YES_AGGRESSIVE;
				GCC_WARN_UNUSED_FUNCTION = YES;
				GCC_WARN_UNUSED_VARIABLE = YES;
				IPHONEOS_DEPLOYMENT_TARGET = 11.0;
				MTL_ENABLE_DEBUG_INFO = YES;
				ONLY_ACTIVE_ARCH = YES;
				SDKROOT = iphoneos;
			};
			name = Debug;
		};
		288D085D1F4EA77700849A2D /* Release */ = {
			isa = XCBuildConfiguration;
			buildSettings = {
				ALWAYS_SEARCH_USER_PATHS = NO;
				CLANG_ANALYZER_NONNULL = YES;
				CLANG_ANALYZER_NUMBER_OBJECT_CONVERSION = YES_AGGRESSIVE;
				CLANG_CXX_LANGUAGE_STANDARD = "gnu++14";
				CLANG_CXX_LIBRARY = "libc++";
				CLANG_ENABLE_MODULES = YES;
				CLANG_ENABLE_OBJC_ARC = YES;
				CLANG_WARN_BLOCK_CAPTURE_AUTORELEASING = YES;
				CLANG_WARN_BOOL_CONVERSION = YES;
				CLANG_WARN_COMMA = YES;
				CLANG_WARN_CONSTANT_CONVERSION = YES;
				CLANG_WARN_DIRECT_OBJC_ISA_USAGE = YES_ERROR;
				CLANG_WARN_DOCUMENTATION_COMMENTS = YES;
				CLANG_WARN_EMPTY_BODY = YES;
				CLANG_WARN_ENUM_CONVERSION = YES;
				CLANG_WARN_INFINITE_RECURSION = YES;
				CLANG_WARN_INT_CONVERSION = YES;
				CLANG_WARN_NON_LITERAL_NULL_CONVERSION = YES;
				CLANG_WARN_OBJC_LITERAL_CONVERSION = YES;
				CLANG_WARN_OBJC_ROOT_CLASS = YES_ERROR;
				CLANG_WARN_RANGE_LOOP_ANALYSIS = YES;
				CLANG_WARN_STRICT_PROTOTYPES = YES;
				CLANG_WARN_SUSPICIOUS_MOVE = YES;
				CLANG_WARN_UNGUARDED_AVAILABILITY = YES_AGGRESSIVE;
				CLANG_WARN_UNREACHABLE_CODE = YES;
				CLANG_WARN__DUPLICATE_METHOD_MATCH = YES;
				CODE_SIGN_IDENTITY = "iPhone Developer";
				COPY_PHASE_STRIP = NO;
				DEBUG_INFORMATION_FORMAT = "dwarf-with-dsym";
				ENABLE_NS_ASSERTIONS = NO;
				ENABLE_STRICT_OBJC_MSGSEND = YES;
				GCC_C_LANGUAGE_STANDARD = gnu11;
				GCC_NO_COMMON_BLOCKS = YES;
				GCC_WARN_64_TO_32_BIT_CONVERSION = YES;
				GCC_WARN_ABOUT_RETURN_TYPE = YES_ERROR;
				GCC_WARN_UNDECLARED_SELECTOR = YES;
				GCC_WARN_UNINITIALIZED_AUTOS = YES_AGGRESSIVE;
				GCC_WARN_UNUSED_FUNCTION = YES;
				GCC_WARN_UNUSED_VARIABLE = YES;
				IPHONEOS_DEPLOYMENT_TARGET = 11.0;
				MTL_ENABLE_DEBUG_INFO = NO;
				SDKROOT = iphoneos;
				VALIDATE_PRODUCT = YES;
			};
			name = Release;
		};
		288D085F1F4EA77700849A2D /* Debug */ = {
			isa = XCBuildConfiguration;
			buildSettings = {
				ASSETCATALOG_COMPILER_APPICON_NAME = AppIcon;
				INFOPLIST_FILE = "AsynDisplayLabel-objc/Info.plist";
				LD_RUNPATH_SEARCH_PATHS = "$(inherited) @executable_path/Frameworks";
				PRODUCT_BUNDLE_IDENTIFIER = "com.whu.AsynDisplayLabel-objc";
				PRODUCT_NAME = "$(TARGET_NAME)";
				TARGETED_DEVICE_FAMILY = "1,2";
			};
			name = Debug;
		};
		288D08601F4EA77700849A2D /* Release */ = {
			isa = XCBuildConfiguration;
			buildSettings = {
				ASSETCATALOG_COMPILER_APPICON_NAME = AppIcon;
				INFOPLIST_FILE = "AsynDisplayLabel-objc/Info.plist";
				LD_RUNPATH_SEARCH_PATHS = "$(inherited) @executable_path/Frameworks";
				PRODUCT_BUNDLE_IDENTIFIER = "com.whu.AsynDisplayLabel-objc";
				PRODUCT_NAME = "$(TARGET_NAME)";
				TARGETED_DEVICE_FAMILY = "1,2";
			};
			name = Release;
		};
/* End XCBuildConfiguration section */

/* Begin XCConfigurationList section */
		288D08431F4EA77700849A2D /* Build configuration list for PBXProject "AsynDisplayLabel-objc" */ = {
			isa = XCConfigurationList;
			buildConfigurations = (
				288D085C1F4EA77700849A2D /* Debug */,
				288D085D1F4EA77700849A2D /* Release */,
			);
			defaultConfigurationIsVisible = 0;
			defaultConfigurationName = Release;
		};
		288D085E1F4EA77700849A2D /* Build configuration list for PBXNativeTarget "AsynDisplayLabel-objc" */ = {
			isa = XCConfigurationList;
			buildConfigurations = (
				288D085F1F4EA77700849A2D /* Debug */,
				288D08601F4EA77700849A2D /* Release */,
			);
			defaultConfigurationIsVisible = 0;
			defaultConfigurationName = Release;
		};
/* End XCConfigurationList section */
	};
	rootObject = 288D08401F4EA77700849A2D /* Project object */;
}
